
Microsoft Visual Studio Solution File, Format Version 12.00
# Visual Studio Version 16
VisualStudioVersion = 16.0.33214.272
MinimumVisualStudioVersion = 10.0.40219.1
Project("{F184B08F-C81C-45F6-A57F-5ABD9991F28F}") = "dental_clinic", "dental_clinic.vbproj", "{BFC04366-69D5-4229-B628-ACCE2B8EB2B3}"
EndProject
Global
	GlobalSection(SolutionConfigurationPlatforms) = preSolution
		Debug|Any CPU = Debug|Any CPU
		Release|Any CPU = Release|Any CPU
	EndGlobalSection
	GlobalSection(ProjectConfigurationPlatforms) = postSolution
		{BFC04366-69D5-4229-B628-ACCE2B8EB2B3}.Debug|Any CPU.ActiveCfg = Debug|Any CPU
		{BFC04366-69D5-4229-B628-ACCE2B8EB2B3}.Debug|Any CPU.Build.0 = Debug|Any CPU
		{BFC04366-69D5-4229-B628-ACCE2B8EB2B3}.Release|Any CPU.ActiveCfg = Release|Any CPU
		{BFC04366-69D5-4229-B628-ACCE2B8EB2B3}.Release|Any CPU.Build.0 = Release|Any CPU
	EndGlobalSection
	GlobalSection(SolutionProperties) = preSolution
		HideSolutionNode = FALSE
	EndGlobalSection
	GlobalSection(ExtensibilityGlobals) = postSolution
		SolutionGuid = {ED82E180-9594-46E5-9C56-563FAC3257A4}
	EndGlobalSection
EndGlobal
